{
  "nodes": {
    "nixpkgs": {
      "inputs": {
        "nixpkgs": "nixpkgs_2"
      },
      "locked": {
        "lastModified": 1782619092,
        "narHash": "sha256-K2qgpiAtZv4vd36PZb+KlX4LEBWPxk+UQmWKeT3T7Ww=",
        "owner": "nix-ocaml",
        "repo": "nix-overlays",
        "rev": "6dbf326b6cd9d42fb99f57c127fbe55586d6f3be",
        "type": "github"
      },
      "original": {
        "owner": "nix-ocaml",
        "repo": "nix-overlays",
        "type": "github"
      }
    },
    "nixpkgs_2": {
      "locked": {
        "lastModified": 1782588331,
        "narHash": "sha256-jj8/BP4Wsqpus9C37KVbPBv7CAxkhw/L2LG66ddOlbY=",
        "owner": "NixOS",
        "repo": "nixpkgs",
        "rev": "3af24d1a5fc8a15e91c15da889ceefe21fc1b3b5",
        "type": "github"
      },
      "original": {
        "owner": "NixOS",
        "repo": "nixpkgs",
        "rev": "3af24d1a5fc8a15e91c15da889ceefe21fc1b3b5",
        "type": "github"
      }
    },
    "root": {
      "inputs": {
        "nixpkgs": "nixpkgs"
      }
    }
  },
  "root": "root",
  "version": 7
}
