{
  "nodes": {
    "nixpkgs": {
      "inputs": {
        "nixpkgs": "nixpkgs_2"
      },
      "locked": {
        "lastModified": 1762721162,
        "narHash": "sha256-VgyekT7xP3lvABOb6xI1VubKsHEsYi+o+lLmUJdVGfk=",
        "owner": "nix-ocaml",
        "repo": "nix-overlays",
        "rev": "bd25b16159ad0eaecbd3acad761c85abb255d898",
        "type": "github"
      },
      "original": {
        "owner": "nix-ocaml",
        "repo": "nix-overlays",
        "type": "github"
      }
    },
    "nixpkgs_2": {
      "locked": {
        "lastModified": 1762659928,
        "narHash": "sha256-EJPiL5r7EIhU/eaI7Hz0VcBP3FwpKMstcIuhXRNjxxo=",
        "owner": "NixOS",
        "repo": "nixpkgs",
        "rev": "00e0caf5d5daab6f1b6135c4882fd8ef6c340243",
        "type": "github"
      },
      "original": {
        "owner": "NixOS",
        "repo": "nixpkgs",
        "rev": "00e0caf5d5daab6f1b6135c4882fd8ef6c340243",
        "type": "github"
      }
    },
    "root": {
      "inputs": {
        "nixpkgs": "nixpkgs"
      }
    }
  },
  "root": "root",
  "version": 7
}
