# THIS IS AN AUTOGENERATED FILE. DO NOT EDIT THIS FILE DIRECTLY.
# yarn lockfile v1


bs-platform@^4.0.6:
  version "4.0.6"
  resolved "https://registry.yarnpkg.com/bs-platform/-/bs-platform-4.0.6.tgz#e7f156c77ad3efafb0c0291b41dcf1b06f93c192"
  integrity sha512-TrNzQFoV6opBYdUgcRdgQQ5f6JnKgotPFZORIjuHPtRlYgv37P6xVBTGfA4NlMCkHXHcPrL6JI63GyAcfq+qpg==
